// !$*UTF8*$!
{
	archiveVersion = 1;
	classes = {
	};
	objectVersion = 46;
	objects = {

/* Begin PBXBuildFile section */
		183913410E42E8A6E6F26ACA /* Info-gnustep.plist.in in Resources */ = {isa = PBXBuildFile; fileRef = 183916F959277957CE9CC032 /* Info-gnustep.plist.in */; };
		18391364630FDE0E8D599C7E /* Info.plist.in in Resources */ = {isa = PBXBuildFile; fileRef = 183913A65608E57242590AC2 /* Info.plist.in */; };
		37273DB31DFDFD4C00FD6A63 /* PSXLoader.m in Sources */ = {isa = PBXBuildFile; fileRef = 37273DB21DFDFD4C00FD6A63 /* PSXLoader.m */; };
/* End PBXBuildFile section */

/* Begin PBXFileReference section */
		183913A65608E57242590AC2 /* Info.plist.in */ = {isa = PBXFileReference; lastKnownFileType = file.in; path = Info.plist.in; sourceTree = "<group>"; };
		183916F959277957CE9CC032 /* Info-gnustep.plist.in */ = {isa = PBXFileReference; lastKnownFileType = file.in; path = "Info-gnustep.plist.in"; sourceTree = "<group>"; };
		37273DAE1DFDFD4C00FD6A63 /* PSX.hopperLoader */ = {isa = PBXFileReference; explicitFileType = wrapper.cfbundle; includeInIndex = 0; path = PSX.hopperLoader; sourceTree = BUILT_PRODUCTS_DIR; };
		37273DB11DFDFD4C00FD6A63 /* PSXLoader.h */ = {isa = PBXFileReference; lastKnownFileType = sourcecode.c.h; path = PSXLoader.h; sourceTree = "<group>"; };
		37273DB21DFDFD4C00FD6A63 /* PSXLoader.m */ = {isa = PBXFileReference; lastKnownFileType = sourcecode.c.objc; path = PSXLoader.m; sourceTree = "<group>"; };
		37273DB41DFDFD4C00FD6A63 /* Info.plist */ = {isa = PBXFileReference; lastKnownFileType = text.plist.xml; path = Info.plist; sourceTree = "<group>"; };
/* End PBXFileReference section */

/* Begin PBXFrameworksBuildPhase section */
		37273DAA1DFDFD4C00FD6A63 /* Frameworks */ = {
			isa = PBXFrameworksBuildPhase;
			buildActionMask = 2147483647;
			files = (
			);
			runOnlyForDeploymentPostprocessing = 0;
		};
/* End PBXFrameworksBuildPhase section */

/* Begin PBXGroup section */
		37273DA41DFDFD4C00FD6A63 = {
			isa = PBXGroup;
			children = (
				37273DB01DFDFD4C00FD6A63 /* PSX */,
				37273DAF1DFDFD4C00FD6A63 /* Products */,
				183916F959277957CE9CC032 /* Info-gnustep.plist.in */,
				183913A65608E57242590AC2 /* Info.plist.in */,
			);
			sourceTree = "<group>";
		};
		37273DAF1DFDFD4C00FD6A63 /* Products */ = {
			isa = PBXGroup;
			children = (
				37273DAE1DFDFD4C00FD6A63 /* PSX.hopperLoader */,
			);
			name = Products;
			sourceTree = "<group>";
		};
		37273DB01DFDFD4C00FD6A63 /* PSX */ = {
			isa = PBXGroup;
			children = (
				37273DB11DFDFD4C00FD6A63 /* PSXLoader.h */,
				37273DB21DFDFD4C00FD6A63 /* PSXLoader.m */,
				37273DB41DFDFD4C00FD6A63 /* Info.plist */,
			);
			path = PSX;
			sourceTree = "<group>";
		};
/* End PBXGroup section */

/* Begin PBXNativeTarget section */
		37273DAD1DFDFD4C00FD6A63 /* PSX */ = {
			isa = PBXNativeTarget;
			buildConfigurationList = 37273DB71DFDFD4C00FD6A63 /* Build configuration list for PBXNativeTarget "PSX" */;
			buildPhases = (
				37273DA91DFDFD4C00FD6A63 /* Sources */,
				37273DAA1DFDFD4C00FD6A63 /* Frameworks */,
				37273DAB1DFDFD4C00FD6A63 /* Resources */,
				37273DAC1DFDFD4C00FD6A63 /* ShellScript */,
			);
			buildRules = (
			);
			dependencies = (
			);
			name = PSX;
			productName = PSX;
			productReference = 37273DAE1DFDFD4C00FD6A63 /* PSX.hopperLoader */;
			productType = "com.apple.product-type.bundle";
		};
/* End PBXNativeTarget section */

/* Begin PBXProject section */
		37273DA51DFDFD4C00FD6A63 /* Project object */ = {
			isa = PBXProject;
			attributes = {
				LastUpgradeCheck = 0820;
				ORGANIZATIONNAME = Makigumo;
				TargetAttributes = {
					37273DAD1DFDFD4C00FD6A63 = {
						CreatedOnToolsVersion = 8.2;
						ProvisioningStyle = Automatic;
					};
				};
			};
			buildConfigurationList = 37273DA81DFDFD4C00FD6A63 /* Build configuration list for PBXProject "PSX" */;
			compatibilityVersion = "Xcode 3.2";
			developmentRegion = English;
			hasScannedForEncodings = 0;
			knownRegions = (
				en,
			);
			mainGroup = 37273DA41DFDFD4C00FD6A63;
			productRefGroup = 37273DAF1DFDFD4C00FD6A63 /* Products */;
			projectDirPath = "";
			projectRoot = "";
			targets = (
				37273DAD1DFDFD4C00FD6A63 /* PSX */,
			);
		};
/* End PBXProject section */

/* Begin PBXResourcesBuildPhase section */
		37273DAB1DFDFD4C00FD6A63 /* Resources */ = {
			isa = PBXResourcesBuildPhase;
			buildActionMask = 2147483647;
			files = (
				183913410E42E8A6E6F26ACA /* Info-gnustep.plist.in in Resources */,
				18391364630FDE0E8D599C7E /* Info.plist.in in Resources */,
			);
			runOnlyForDeploymentPostprocessing = 0;
		};
/* End PBXResourcesBuildPhase section */

/* Begin PBXShellScriptBuildPhase section */
		37273DAC1DFDFD4C00FD6A63 /* ShellScript */ = {
			isa = PBXShellScriptBuildPhase;
			buildActionMask = 2147483647;
			files = (
			);
			inputPaths = (
			);
			outputPaths = (
			);
			runOnlyForDeploymentPostprocessing = 0;
			shellPath = /bin/bash;
			shellScript = "rm -rf \"${INSTALL_PATH}/PSX.hopperLoader\"\nmkdir -p \"${INSTALL_PATH}\"\ncp -rf \"${BUILT_PRODUCTS_DIR}/PSX.hopperLoader\" \"${INSTALL_PATH}\"\n                  ";
			showEnvVarsInLog = 0;
		};
/* End PBXShellScriptBuildPhase section */

/* Begin PBXSourcesBuildPhase section */
		37273DA91DFDFD4C00FD6A63 /* Sources */ = {
			isa = PBXSourcesBuildPhase;
			buildActionMask = 2147483647;
			files = (
				37273DB31DFDFD4C00FD6A63 /* PSXLoader.m in Sources */,
			);
			runOnlyForDeploymentPostprocessing = 0;
		};
/* End PBXSourcesBuildPhase section */

/* Begin XCBuildConfiguration section */
		37273DB51DFDFD4C00FD6A63 /* Debug */ = {
			isa = XCBuildConfiguration;
			buildSettings = {
				ALWAYS_SEARCH_USER_PATHS = NO;
				CLANG_ANALYZER_NONNULL = YES;
				CLANG_CXX_LANGUAGE_STANDARD = "gnu++0x";
				CLANG_CXX_LIBRARY = "libc++";
				CLANG_ENABLE_MODULES = YES;
				CLANG_ENABLE_OBJC_ARC = YES;
				CLANG_WARN_BOOL_CONVERSION = YES;
				CLANG_WARN_CONSTANT_CONVERSION = YES;
				CLANG_WARN_DIRECT_OBJC_ISA_USAGE = YES_ERROR;
				CLANG_WARN_DOCUMENTATION_COMMENTS = YES;
				CLANG_WARN_EMPTY_BODY = YES;
				CLANG_WARN_ENUM_CONVERSION = YES;
				CLANG_WARN_INFINITE_RECURSION = YES;
				CLANG_WARN_INT_CONVERSION = YES;
				CLANG_WARN_OBJC_ROOT_CLASS = YES_ERROR;
				CLANG_WARN_SUSPICIOUS_MOVE = YES;
				CLANG_WARN_UNREACHABLE_CODE = YES;
				CLANG_WARN__DUPLICATE_METHOD_MATCH = YES;
				CODE_SIGN_IDENTITY = "-";
				COPY_PHASE_STRIP = NO;
				DEBUG_INFORMATION_FORMAT = dwarf;
				ENABLE_STRICT_OBJC_MSGSEND = YES;
				ENABLE_TESTABILITY = YES;
				GCC_C_LANGUAGE_STANDARD = gnu99;
				GCC_DYNAMIC_NO_PIC = NO;
				GCC_NO_COMMON_BLOCKS = YES;
				GCC_OPTIMIZATION_LEVEL = 0;
				GCC_PREPROCESSOR_DEFINITIONS = (
					"DEBUG=1",
					"$(inherited)",
				);
				GCC_WARN_64_TO_32_BIT_CONVERSION = YES;
				GCC_WARN_ABOUT_RETURN_TYPE = YES_ERROR;
				GCC_WARN_UNDECLARED_SELECTOR = YES;
				GCC_WARN_UNINITIALIZED_AUTOS = YES_AGGRESSIVE;
				GCC_WARN_UNUSED_FUNCTION = YES;
				GCC_WARN_UNUSED_VARIABLE = YES;
				MACOSX_DEPLOYMENT_TARGET = 10.12;
				MTL_ENABLE_DEBUG_INFO = YES;
				ONLY_ACTIVE_ARCH = YES;
				SDKROOT = macosx;
			};
			name = Debug;
		};
		37273DB61DFDFD4C00FD6A63 /* Release */ = {
			isa = XCBuildConfiguration;
			buildSettings = {
				ALWAYS_SEARCH_USER_PATHS = NO;
				CLANG_ANALYZER_NONNULL = YES;
				CLANG_CXX_LANGUAGE_STANDARD = "gnu++0x";
				CLANG_CXX_LIBRARY = "libc++";
				CLANG_ENABLE_MODULES = YES;
				CLANG_ENABLE_OBJC_ARC = YES;
				CLANG_WARN_BOOL_CONVERSION = YES;
				CLANG_WARN_CONSTANT_CONVERSION = YES;
				CLANG_WARN_DIRECT_OBJC_ISA_USAGE = YES_ERROR;
				CLANG_WARN_DOCUMENTATION_COMMENTS = YES;
				CLANG_WARN_EMPTY_BODY = YES;
				CLANG_WARN_ENUM_CONVERSION = YES;
				CLANG_WARN_INFINITE_RECURSION = YES;
				CLANG_WARN_INT_CONVERSION = YES;
				CLANG_WARN_OBJC_ROOT_CLASS = YES_ERROR;
				CLANG_WARN_SUSPICIOUS_MOVE = YES;
				CLANG_WARN_UNREACHABLE_CODE = YES;
				CLANG_WARN__DUPLICATE_METHOD_MATCH = YES;
				CODE_SIGN_IDENTITY = "-";
				COPY_PHASE_STRIP = NO;
				DEBUG_INFORMATION_FORMAT = "dwarf-with-dsym";
				ENABLE_NS_ASSERTIONS = NO;
				ENABLE_STRICT_OBJC_MSGSEND = YES;
				GCC_C_LANGUAGE_STANDARD = gnu99;
				GCC_NO_COMMON_BLOCKS = YES;
				GCC_WARN_64_TO_32_BIT_CONVERSION = YES;
				GCC_WARN_ABOUT_RETURN_TYPE = YES_ERROR;
				GCC_WARN_UNDECLARED_SELECTOR = YES;
				GCC_WARN_UNINITIALIZED_AUTOS = YES_AGGRESSIVE;
				GCC_WARN_UNUSED_FUNCTION = YES;
				GCC_WARN_UNUSED_VARIABLE = YES;
				MACOSX_DEPLOYMENT_TARGET = 10.12;
				MTL_ENABLE_DEBUG_INFO = NO;
				SDKROOT = macosx;
			};
			name = Release;
		};
		37273DB81DFDFD4C00FD6A63 /* Debug */ = {
			isa = XCBuildConfiguration;
			buildSettings = {
				COMBINE_HIDPI_IMAGES = YES;
				HEADER_SEARCH_PATHS = "$(SRCROOT)/HopperSDK/include";
				INFOPLIST_FILE = PSX/Info.plist;
				INSTALL_PATH = "$(USER_LIBRARY_DIR)/Application Support/Hopper/PlugIns/V4/Loaders";
				MACOSX_DEPLOYMENT_TARGET = 10.10;
				PRODUCT_BUNDLE_IDENTIFIER = com.makigumo.PSX;
				PRODUCT_NAME = "$(TARGET_NAME)";
				SKIP_INSTALL = YES;
				WRAPPER_EXTENSION = hopperLoader;
			};
			name = Debug;
		};
		37273DB91DFDFD4C00FD6A63 /* Release */ = {
			isa = XCBuildConfiguration;
			buildSettings = {
				COMBINE_HIDPI_IMAGES = YES;
				HEADER_SEARCH_PATHS = "$(SRCROOT)/HopperSDK/include";
				INFOPLIST_FILE = PSX/Info.plist;
				INSTALL_PATH = "$(USER_LIBRARY_DIR)/Application Support/Hopper/PlugIns/V4/Loaders";
				MACOSX_DEPLOYMENT_TARGET = 10.10;
				PRODUCT_BUNDLE_IDENTIFIER = com.makigumo.PSX;
				PRODUCT_NAME = "$(TARGET_NAME)";
				SKIP_INSTALL = YES;
				WRAPPER_EXTENSION = hopperLoader;
			};
			name = Release;
		};
/* End XCBuildConfiguration section */

/* Begin XCConfigurationList section */
		37273DA81DFDFD4C00FD6A63 /* Build configuration list for PBXProject "PSX" */ = {
			isa = XCConfigurationList;
			buildConfigurations = (
				37273DB51DFDFD4C00FD6A63 /* Debug */,
				37273DB61DFDFD4C00FD6A63 /* Release */,
			);
			defaultConfigurationIsVisible = 0;
			defaultConfigurationName = Release;
		};
		37273DB71DFDFD4C00FD6A63 /* Build configuration list for PBXNativeTarget "PSX" */ = {
			isa = XCConfigurationList;
			buildConfigurations = (
				37273DB81DFDFD4C00FD6A63 /* Debug */,
				37273DB91DFDFD4C00FD6A63 /* Release */,
			);
			defaultConfigurationIsVisible = 0;
		};
/* End XCConfigurationList section */
	};
	rootObject = 37273DA51DFDFD4C00FD6A63 /* Project object */;
}
